Microsoft Visual Studio Solution File, Format Version 12.00
# Visual Studio Version 17
VisualStudioVersion = 17.0.32002.185
MinimumVisualStudioVersion = 10.0.40219.1
Project("{9A19103F-16F7-4668-BE54-9A1E7A4F7556}") = "PitayaSourceGeneratorTests", "PitayaSourceGeneratorTests\PitayaSourceGeneratorTests.csproj", "{4E8EFA3A-764E-45E0-AC49-A4A44661B034}"
EndProject
Project("{9A19103F-16F7-4668-BE54-9A1E7A4F7556}") = "CLIParserTests", "CLIParserTests\CLIParserTests.csproj", "{1B106C8B-3A1F-4234-BB63-F1196AFEF5B1}"
EndProject
Project("{2150E333-8FDC-42A3-9474-1A3956D46DE8}") = "Dependencies", "Dependencies", "{698BAC6D-FD87-416E-A91E-65F6B6601E66}"
EndProject
Project("{9A19103F-16F7-4668-BE54-9A1E7A4F7556}") = "Pitaya", "PitayaSourceGenerator\Pitaya.csproj", "{87ECED3E-62AD-4B13-BAB4-D3BFA778391C}"
EndProject
Project("{2150E333-8FDC-42A3-9474-1A3956D46DE8}") = "Solution Items", "Solution Items", "{55B302F2-F1F9-4DD9-B495-811664F9B1DD}"
	ProjectSection(SolutionItems) = preProject
		global.json = global.json
		.github\workflows\publish.yml = .github\workflows\publish.yml
		readme.md = readme.md
	EndProjectSection
EndProject
Project("{FAE04EC0-301F-11D3-BF4B-00C04F79EFBC}") = "ConsoleApp8", "ConsoleApp8\ConsoleApp8.csproj", "{35E662DA-1E5D-4B6B-A361-E9320DFAB289}"
EndProject
Global
	GlobalSection(SolutionConfigurationPlatforms) = preSolution
		Debug|Any CPU = Debug|Any CPU
		Release|Any CPU = Release|Any CPU
	EndGlobalSection
	GlobalSection(ProjectConfigurationPlatforms) = postSolution
		{4E8EFA3A-764E-45E0-AC49-A4A44661B034}.Debug|Any CPU.ActiveCfg = Debug|Any CPU
		{4E8EFA3A-764E-45E0-AC49-A4A44661B034}.Debug|Any CPU.Build.0 = Debug|Any CPU
		{4E8EFA3A-764E-45E0-AC49-A4A44661B034}.Release|Any CPU.ActiveCfg = Release|Any CPU
		{4E8EFA3A-764E-45E0-AC49-A4A44661B034}.Release|Any CPU.Build.0 = Release|Any CPU
		{1B106C8B-3A1F-4234-BB63-F1196AFEF5B1}.Debug|Any CPU.ActiveCfg = Debug|Any CPU
		{1B106C8B-3A1F-4234-BB63-F1196AFEF5B1}.Debug|Any CPU.Build.0 = Debug|Any CPU
		{1B106C8B-3A1F-4234-BB63-F1196AFEF5B1}.Release|Any CPU.ActiveCfg = Release|Any CPU
		{1B106C8B-3A1F-4234-BB63-F1196AFEF5B1}.Release|Any CPU.Build.0 = Release|Any CPU
		{87ECED3E-62AD-4B13-BAB4-D3BFA778391C}.Debug|Any CPU.ActiveCfg = Debug|Any CPU
		{87ECED3E-62AD-4B13-BAB4-D3BFA778391C}.Debug|Any CPU.Build.0 = Debug|Any CPU
		{87ECED3E-62AD-4B13-BAB4-D3BFA778391C}.Release|Any CPU.ActiveCfg = Release|Any CPU
		{87ECED3E-62AD-4B13-BAB4-D3BFA778391C}.Release|Any CPU.Build.0 = Release|Any CPU
		{35E662DA-1E5D-4B6B-A361-E9320DFAB289}.Debug|Any CPU.ActiveCfg = Debug|Any CPU
		{35E662DA-1E5D-4B6B-A361-E9320DFAB289}.Debug|Any CPU.Build.0 = Debug|Any CPU
		{35E662DA-1E5D-4B6B-A361-E9320DFAB289}.Release|Any CPU.ActiveCfg = Release|Any CPU
		{35E662DA-1E5D-4B6B-A361-E9320DFAB289}.Release|Any CPU.Build.0 = Release|Any CPU
	EndGlobalSection
	GlobalSection(SolutionProperties) = preSolution
		HideSolutionNode = FALSE
	EndGlobalSection
	GlobalSection(NestedProjects) = preSolution
		{35E662DA-1E5D-4B6B-A361-E9320DFAB289} = {698BAC6D-FD87-416E-A91E-65F6B6601E66}
	EndGlobalSection
	GlobalSection(ExtensibilityGlobals) = postSolution
		SolutionGuid = {345B34B4-89E5-4316-817B-A80991993E86}
	EndGlobalSection
EndGlobal
